
Microsoft Visual Studio Solution File, Format Version 12.00
# Visual Studio Version 17
VisualStudioVersion = 17.4.33103.184
MinimumVisualStudioVersion = 10.0.40219.1
Project("{FAE04EC0-301F-11D3-BF4B-00C04F79EFBC}") = "WebApplication1", "WebApplication1\WebApplication1.csproj", "{87AECC41-D020-4C53-A9D9-7971945D4B19}"
EndProject
Project("{FAE04EC0-301F-11D3-BF4B-00C04F79EFBC}") = "MVC", "MVC\MVC.csproj", "{B0236778-8253-4EB7-AFCC-23EC1278B6B3}"
EndProject
Project("{FAE04EC0-301F-11D3-BF4B-00C04F79EFBC}") = "Blazor WebAssembly", "Blazor\Blazor WebAssembly.csproj", "{774F302E-8191-4543-A9B3-91F042201B6E}"
EndProject
Project("{FAE04EC0-301F-11D3-BF4B-00C04F79EFBC}") = "BlazorServer", "BlazorServer\BlazorServer.csproj", "{09E1F325-87B0-440A-8121-7C01020CD6E0}"
EndProject
Project("{FAE04EC0-301F-11D3-BF4B-00C04F79EFBC}") = "WebHTTP3", "WebHTTP3\WebHTTP3.csproj", "{06A9560F-CE67-4C1A-A2F0-FFC2074D2613}"
EndProject
Global
	GlobalSection(SolutionConfigurationPlatforms) = preSolution
		Debug|Any CPU = Debug|Any CPU
		Release|Any CPU = Release|Any CPU
	EndGlobalSection
	GlobalSection(ProjectConfigurationPlatforms) = postSolution
		{87AECC41-D020-4C53-A9D9-7971945D4B19}.Debug|Any CPU.ActiveCfg = Debug|Any CPU
		{87AECC41-D020-4C53-A9D9-7971945D4B19}.Debug|Any CPU.Build.0 = Debug|Any CPU
		{87AECC41-D020-4C53-A9D9-7971945D4B19}.Release|Any CPU.ActiveCfg = Release|Any CPU
		{87AECC41-D020-4C53-A9D9-7971945D4B19}.Release|Any CPU.Build.0 = Release|Any CPU
		{B0236778-8253-4EB7-AFCC-23EC1278B6B3}.Debug|Any CPU.ActiveCfg = Debug|Any CPU
		{B0236778-8253-4EB7-AFCC-23EC1278B6B3}.Debug|Any CPU.Build.0 = Debug|Any CPU
		{B0236778-8253-4EB7-AFCC-23EC1278B6B3}.Release|Any CPU.ActiveCfg = Release|Any CPU
		{B0236778-8253-4EB7-AFCC-23EC1278B6B3}.Release|Any CPU.Build.0 = Release|Any CPU
		{774F302E-8191-4543-A9B3-91F042201B6E}.Debug|Any CPU.ActiveCfg = Debug|Any CPU
		{774F302E-8191-4543-A9B3-91F042201B6E}.Debug|Any CPU.Build.0 = Debug|Any CPU
		{774F302E-8191-4543-A9B3-91F042201B6E}.Release|Any CPU.ActiveCfg = Release|Any CPU
		{774F302E-8191-4543-A9B3-91F042201B6E}.Release|Any CPU.Build.0 = Release|Any CPU
		{09E1F325-87B0-440A-8121-7C01020CD6E0}.Debug|Any CPU.ActiveCfg = Debug|Any CPU
		{09E1F325-87B0-440A-8121-7C01020CD6E0}.Debug|Any CPU.Build.0 = Debug|Any CPU
		{09E1F325-87B0-440A-8121-7C01020CD6E0}.Release|Any CPU.ActiveCfg = Release|Any CPU
		{09E1F325-87B0-440A-8121-7C01020CD6E0}.Release|Any CPU.Build.0 = Release|Any CPU
		{06A9560F-CE67-4C1A-A2F0-FFC2074D2613}.Debug|Any CPU.ActiveCfg = Debug|Any CPU
		{06A9560F-CE67-4C1A-A2F0-FFC2074D2613}.Debug|Any CPU.Build.0 = Debug|Any CPU
		{06A9560F-CE67-4C1A-A2F0-FFC2074D2613}.Release|Any CPU.ActiveCfg = Release|Any CPU
		{06A9560F-CE67-4C1A-A2F0-FFC2074D2613}.Release|Any CPU.Build.0 = Release|Any CPU
	EndGlobalSection
	GlobalSection(SolutionProperties) = preSolution
		HideSolutionNode = FALSE
	EndGlobalSection
	GlobalSection(ExtensibilityGlobals) = postSolution
		SolutionGuid = {EB7D5688-17DB-4CAE-AF44-D093D198F8A3}
	EndGlobalSection
EndGlobal
